
Microsoft Visual Studio Solution File, Format Version 12.00
# Visual Studio Version 16
VisualStudioVersion = 16.0.30011.22
MinimumVisualStudioVersion = 10.0.40219.1
Project("{FAE04EC0-301F-11D3-BF4B-00C04F79EFBC}") = "TattooAppAdry", "TattooAppAdry\TattooAppAdry.csproj", "{22894B8D-0C72-4198-B571-46A23E6E6A59}"
EndProject
Global
	GlobalSection(SolutionConfigurationPlatforms) = preSolution
		Debug|Any CPU = Debug|Any CPU
		Release|Any CPU = Release|Any CPU
	EndGlobalSection
	GlobalSection(ProjectConfigurationPlatforms) = postSolution
		{22894B8D-0C72-4198-B571-46A23E6E6A59}.Debug|Any CPU.ActiveCfg = Debug|Any CPU
		{22894B8D-0C72-4198-B571-46A23E6E6A59}.Debug|Any CPU.Build.0 = Debug|Any CPU
		{22894B8D-0C72-4198-B571-46A23E6E6A59}.Release|Any CPU.ActiveCfg = Release|Any CPU
		{22894B8D-0C72-4198-B571-46A23E6E6A59}.Release|Any CPU.Build.0 = Release|Any CPU
	EndGlobalSection
	GlobalSection(SolutionProperties) = preSolution
		HideSolutionNode = FALSE
	EndGlobalSection
	GlobalSection(ExtensibilityGlobals) = postSolution
		SolutionGuid = {D7CCBB6F-5B8F-4FFF-8DE0-ED1BD637BA23}
	EndGlobalSection
EndGlobal
